
Microsoft Visual Studio Solution File, Format Version 12.00
# Visual Studio 15
VisualStudioVersion = 15.0.28010.2050
MinimumVisualStudioVersion = 10.0.40219.1
Project("{FAE04EC0-301F-11D3-BF4B-00C04F79EFBC}") = "DemoMvc", "DemoMvc\DemoMvc.csproj", "{FE4A9E01-A4A9-491E-A930-4CE17BC9DE17}"
EndProject
Project("{FAE04EC0-301F-11D3-BF4B-00C04F79EFBC}") = "DemoApiSdk", "..\DemoApiSdk\DemoApiSdk.csproj", "{6B5E5BEF-52EE-459C-9127-E09BE35F724D}"
EndProject
Global
	GlobalSection(SolutionConfigurationPlatforms) = preSolution
		Debug|Any CPU = Debug|Any CPU
		Release|Any CPU = Release|Any CPU
	EndGlobalSection
	GlobalSection(ProjectConfigurationPlatforms) = postSolution
		{FE4A9E01-A4A9-491E-A930-4CE17BC9DE17}.Debug|Any CPU.ActiveCfg = Debug|Any CPU
		{FE4A9E01-A4A9-491E-A930-4CE17BC9DE17}.Debug|Any CPU.Build.0 = Debug|Any CPU
		{FE4A9E01-A4A9-491E-A930-4CE17BC9DE17}.Release|Any CPU.ActiveCfg = Release|Any CPU
		{FE4A9E01-A4A9-491E-A930-4CE17BC9DE17}.Release|Any CPU.Build.0 = Release|Any CPU
		{6B5E5BEF-52EE-459C-9127-E09BE35F724D}.Debug|Any CPU.ActiveCfg = Debug|Any CPU
		{6B5E5BEF-52EE-459C-9127-E09BE35F724D}.Debug|Any CPU.Build.0 = Debug|Any CPU
		{6B5E5BEF-52EE-459C-9127-E09BE35F724D}.Release|Any CPU.ActiveCfg = Release|Any CPU
		{6B5E5BEF-52EE-459C-9127-E09BE35F724D}.Release|Any CPU.Build.0 = Release|Any CPU
	EndGlobalSection
	GlobalSection(SolutionProperties) = preSolution
		HideSolutionNode = FALSE
	EndGlobalSection
	GlobalSection(ExtensibilityGlobals) = postSolution
		SolutionGuid = {646AADCA-D6D2-44D0-B649-6852B00EA374}
	EndGlobalSection
EndGlobal
