
Microsoft Visual Studio Solution File, Format Version 12.00
# Visual Studio 15
VisualStudioVersion = 15.0.28010.2050
MinimumVisualStudioVersion = 10.0.40219.1
Project("{9A19103F-16F7-4668-BE54-9A1E7A4F7556}") = "DemoMvc", "DemoMvc\DemoMvc.csproj", "{FE4A9E01-A4A9-491E-A930-4CE17BC9DE17}"
EndProject
Project("{9A19103F-16F7-4668-BE54-9A1E7A4F7556}") = "DemoApiSdk", "DemoApiSdk\DemoApiSdk.csproj", "{A015B9A0-9D02-4D5B-B184-13A3E70E69C3}"
EndProject
Global
	GlobalSection(SolutionConfigurationPlatforms) = preSolution
		Debug|Any CPU = Debug|Any CPU
		Release|Any CPU = Release|Any CPU
	EndGlobalSection
	GlobalSection(ProjectConfigurationPlatforms) = postSolution
		{FE4A9E01-A4A9-491E-A930-4CE17BC9DE17}.Debug|Any CPU.ActiveCfg = Debug|Any CPU
		{FE4A9E01-A4A9-491E-A930-4CE17BC9DE17}.Debug|Any CPU.Build.0 = Debug|Any CPU
		{FE4A9E01-A4A9-491E-A930-4CE17BC9DE17}.Release|Any CPU.ActiveCfg = Release|Any CPU
		{FE4A9E01-A4A9-491E-A930-4CE17BC9DE17}.Release|Any CPU.Build.0 = Release|Any CPU
		{A015B9A0-9D02-4D5B-B184-13A3E70E69C3}.Debug|Any CPU.ActiveCfg = Debug|Any CPU
		{A015B9A0-9D02-4D5B-B184-13A3E70E69C3}.Debug|Any CPU.Build.0 = Debug|Any CPU
		{A015B9A0-9D02-4D5B-B184-13A3E70E69C3}.Release|Any CPU.ActiveCfg = Release|Any CPU
		{A015B9A0-9D02-4D5B-B184-13A3E70E69C3}.Release|Any CPU.Build.0 = Release|Any CPU
	EndGlobalSection
	GlobalSection(SolutionProperties) = preSolution
		HideSolutionNode = FALSE
	EndGlobalSection
	GlobalSection(ExtensibilityGlobals) = postSolution
		SolutionGuid = {646AADCA-D6D2-44D0-B649-6852B00EA374}
	EndGlobalSection
EndGlobal
